// !$*UTF8*$!
{
	archiveVersion = 1;
	classes = {
	};
	objectVersion = 48;
	objects = {

/* Begin PBXBuildFile section */
		230572E82087C51500D45AA0 /* CustomTableViewCell.m in Sources */ = {isa = PBXBuildFile; fileRef = 230572E62087C51500D45AA0 /* CustomTableViewCell.m */; };
		230572E92087C51500D45AA0 /* CustomTableViewCell.xib in Resources */ = {isa = PBXBuildFile; fileRef = 230572E72087C51500D45AA0 /* CustomTableViewCell.xib */; };
		231BA306208523C500CD2556 /* UserProfileViewController.m in Sources */ = {isa = PBXBuildFile; fileRef = 231BA304208523C500CD2556 /* UserProfileViewController.m */; };
		231BA307208523C500CD2556 /* UserProfileViewController.xib in Resources */ = {isa = PBXBuildFile; fileRef = 231BA305208523C500CD2556 /* UserProfileViewController.xib */; };
		236F18552082250100491328 /* AppDelegate.m in Sources */ = {isa = PBXBuildFile; fileRef = 236F18542082250100491328 /* AppDelegate.m */; };
		236F18582082250100491328 /* FindViewController.m in Sources */ = {isa = PBXBuildFile; fileRef = 236F18572082250100491328 /* FindViewController.m */; };
		236F185B2082250100491328 /* Main.storyboard in Resources */ = {isa = PBXBuildFile; fileRef = 236F18592082250100491328 /* Main.storyboard */; };
		236F18602082250100491328 /* LaunchScreen.storyboard in Resources */ = {isa = PBXBuildFile; fileRef = 236F185E2082250100491328 /* LaunchScreen.storyboard */; };
		236F18632082250100491328 /* main.m in Sources */ = {isa = PBXBuildFile; fileRef = 236F18622082250100491328 /* main.m */; };
		236F18722082820300491328 /* Assets.xcassets in Resources */ = {isa = PBXBuildFile; fileRef = 236F18712082820300491328 /* Assets.xcassets */; };
		23D1116120E7C5E5007348CF /* SkillsTableViewCell.m in Sources */ = {isa = PBXBuildFile; fileRef = 23D1115F20E7C5E5007348CF /* SkillsTableViewCell.m */; };
		23D1116220E7C5E5007348CF /* SkillsTableViewCell.xib in Resources */ = {isa = PBXBuildFile; fileRef = 23D1116020E7C5E5007348CF /* SkillsTableViewCell.xib */; };
/* End PBXBuildFile section */

/* Begin PBXFileReference section */
		230572E52087C51500D45AA0 /* CustomTableViewCell.h */ = {isa = PBXFileReference; lastKnownFileType = sourcecode.c.h; path = CustomTableViewCell.h; sourceTree = "<group>"; };
		230572E62087C51500D45AA0 /* CustomTableViewCell.m */ = {isa = PBXFileReference; lastKnownFileType = sourcecode.c.objc; path = CustomTableViewCell.m; sourceTree = "<group>"; };
		230572E72087C51500D45AA0 /* CustomTableViewCell.xib */ = {isa = PBXFileReference; lastKnownFileType = file.xib; path = CustomTableViewCell.xib; sourceTree = "<group>"; };
		231BA303208523C500CD2556 /* UserProfileViewController.h */ = {isa = PBXFileReference; lastKnownFileType = sourcecode.c.h; path = UserProfileViewController.h; sourceTree = "<group>"; };
		231BA304208523C500CD2556 /* UserProfileViewController.m */ = {isa = PBXFileReference; lastKnownFileType = sourcecode.c.objc; path = UserProfileViewController.m; sourceTree = "<group>"; };
		231BA305208523C500CD2556 /* UserProfileViewController.xib */ = {isa = PBXFileReference; lastKnownFileType = file.xib; path = UserProfileViewController.xib; sourceTree = "<group>"; };
		236F18502082250100491328 /* SwiftyCompanion.app */ = {isa = PBXFileReference; explicitFileType = wrapper.application; includeInIndex = 0; path = SwiftyCompanion.app; sourceTree = BUILT_PRODUCTS_DIR; };
		236F18532082250100491328 /* AppDelegate.h */ = {isa = PBXFileReference; lastKnownFileType = sourcecode.c.h; path = AppDelegate.h; sourceTree = "<group>"; };
		236F18542082250100491328 /* AppDelegate.m */ = {isa = PBXFileReference; lastKnownFileType = sourcecode.c.objc; path = AppDelegate.m; sourceTree = "<group>"; };
		236F18562082250100491328 /* FindViewController.h */ = {isa = PBXFileReference; lastKnownFileType = sourcecode.c.h; path = FindViewController.h; sourceTree = "<group>"; };
		236F18572082250100491328 /* FindViewController.m */ = {isa = PBXFileReference; lastKnownFileType = sourcecode.c.objc; path = FindViewController.m; sourceTree = "<group>"; };
		236F185A2082250100491328 /* Base */ = {isa = PBXFileReference; lastKnownFileType = file.storyboard; name = Base; path = Base.lproj/Main.storyboard; sourceTree = "<group>"; };
		236F185F2082250100491328 /* Base */ = {isa = PBXFileReference; lastKnownFileType = file.storyboard; name = Base; path = Base.lproj/LaunchScreen.storyboard; sourceTree = "<group>"; };
		236F18612082250100491328 /* Info.plist */ = {isa = PBXFileReference; lastKnownFileType = text.plist.xml; path = Info.plist; sourceTree = "<group>"; };
		236F18622082250100491328 /* main.m */ = {isa = PBXFileReference; lastKnownFileType = sourcecode.c.objc; path = main.m; sourceTree = "<group>"; };
		236F18712082820300491328 /* Assets.xcassets */ = {isa = PBXFileReference; lastKnownFileType = folder.assetcatalog; path = Assets.xcassets; sourceTree = "<group>"; };
		23D1115E20E7C5E5007348CF /* SkillsTableViewCell.h */ = {isa = PBXFileReference; lastKnownFileType = sourcecode.c.h; path = SkillsTableViewCell.h; sourceTree = "<group>"; };
		23D1115F20E7C5E5007348CF /* SkillsTableViewCell.m */ = {isa = PBXFileReference; lastKnownFileType = sourcecode.c.objc; path = SkillsTableViewCell.m; sourceTree = "<group>"; };
		23D1116020E7C5E5007348CF /* SkillsTableViewCell.xib */ = {isa = PBXFileReference; lastKnownFileType = file.xib; path = SkillsTableViewCell.xib; sourceTree = "<group>"; };
/* End PBXFileReference section */

/* Begin PBXFrameworksBuildPhase section */
		236F184D2082250100491328 /* Frameworks */ = {
			isa = PBXFrameworksBuildPhase;
			buildActionMask = 2147483647;
			files = (
			);
			runOnlyForDeploymentPostprocessing = 0;
		};
/* End PBXFrameworksBuildPhase section */

/* Begin PBXGroup section */
		231BA3082085339D00CD2556 /* Custom TableViewCell */ = {
			isa = PBXGroup;
			children = (
				23D1115D20E7C5C0007348CF /* SkillsTableVIewCell */,
				230572E52087C51500D45AA0 /* CustomTableViewCell.h */,
				230572E62087C51500D45AA0 /* CustomTableViewCell.m */,
				230572E72087C51500D45AA0 /* CustomTableViewCell.xib */,
			);
			name = "Custom TableViewCell";
			sourceTree = "<group>";
		};
		236F18472082250100491328 = {
			isa = PBXGroup;
			children = (
				236F18522082250100491328 /* SwiftyCompanion */,
				236F18512082250100491328 /* Products */,
			);
			sourceTree = "<group>";
		};
		236F18512082250100491328 /* Products */ = {
			isa = PBXGroup;
			children = (
				236F18502082250100491328 /* SwiftyCompanion.app */,
			);
			name = Products;
			sourceTree = "<group>";
		};
		236F18522082250100491328 /* SwiftyCompanion */ = {
			isa = PBXGroup;
			children = (
				236F18532082250100491328 /* AppDelegate.h */,
				236F18542082250100491328 /* AppDelegate.m */,
				236F186A2082255400491328 /* Main Controllers */,
				236F18692082251100491328 /* Supporting Fiels */,
			);
			path = SwiftyCompanion;
			sourceTree = "<group>";
		};
		236F18692082251100491328 /* Supporting Fiels */ = {
			isa = PBXGroup;
			children = (
				236F185E2082250100491328 /* LaunchScreen.storyboard */,
				236F18712082820300491328 /* Assets.xcassets */,
				236F18612082250100491328 /* Info.plist */,
				236F18622082250100491328 /* main.m */,
			);
			name = "Supporting Fiels";
			sourceTree = "<group>";
		};
		236F186A2082255400491328 /* Main Controllers */ = {
			isa = PBXGroup;
			children = (
				231BA3082085339D00CD2556 /* Custom TableViewCell */,
				236F18592082250100491328 /* Main.storyboard */,
				236F18562082250100491328 /* FindViewController.h */,
				236F18572082250100491328 /* FindViewController.m */,
				231BA303208523C500CD2556 /* UserProfileViewController.h */,
				231BA304208523C500CD2556 /* UserProfileViewController.m */,
				231BA305208523C500CD2556 /* UserProfileViewController.xib */,
			);
			name = "Main Controllers";
			sourceTree = "<group>";
		};
		23D1115D20E7C5C0007348CF /* SkillsTableVIewCell */ = {
			isa = PBXGroup;
			children = (
				23D1115E20E7C5E5007348CF /* SkillsTableViewCell.h */,
				23D1115F20E7C5E5007348CF /* SkillsTableViewCell.m */,
				23D1116020E7C5E5007348CF /* SkillsTableViewCell.xib */,
			);
			name = SkillsTableVIewCell;
			sourceTree = "<group>";
		};
/* End PBXGroup section */

/* Begin PBXNativeTarget section */
		236F184F2082250100491328 /* SwiftyCompanion */ = {
			isa = PBXNativeTarget;
			buildConfigurationList = 236F18662082250100491328 /* Build configuration list for PBXNativeTarget "SwiftyCompanion" */;
			buildPhases = (
				236F184C2082250100491328 /* Sources */,
				236F184D2082250100491328 /* Frameworks */,
				236F184E2082250100491328 /* Resources */,
			);
			buildRules = (
			);
			dependencies = (
			);
			name = SwiftyCompanion;
			productName = SwiftyCompanion;
			productReference = 236F18502082250100491328 /* SwiftyCompanion.app */;
			productType = "com.apple.product-type.application";
		};
/* End PBXNativeTarget section */

/* Begin PBXProject section */
		236F18482082250100491328 /* Project object */ = {
			isa = PBXProject;
			attributes = {
				LastUpgradeCheck = 0920;
				ORGANIZATIONNAME = "Mykola Ponomarov";
				TargetAttributes = {
					236F184F2082250100491328 = {
						CreatedOnToolsVersion = 9.2;
						ProvisioningStyle = Automatic;
					};
				};
			};
			buildConfigurationList = 236F184B2082250100491328 /* Build configuration list for PBXProject "SwiftyCompanion" */;
			compatibilityVersion = "Xcode 8.0";
			developmentRegion = en;
			hasScannedForEncodings = 0;
			knownRegions = (
				en,
				Base,
			);
			mainGroup = 236F18472082250100491328;
			productRefGroup = 236F18512082250100491328 /* Products */;
			projectDirPath = "";
			projectRoot = "";
			targets = (
				236F184F2082250100491328 /* SwiftyCompanion */,
			);
		};
/* End PBXProject section */

/* Begin PBXResourcesBuildPhase section */
		236F184E2082250100491328 /* Resources */ = {
			isa = PBXResourcesBuildPhase;
			buildActionMask = 2147483647;
			files = (
				236F18602082250100491328 /* LaunchScreen.storyboard in Resources */,
				231BA307208523C500CD2556 /* UserProfileViewController.xib in Resources */,
				236F18722082820300491328 /* Assets.xcassets in Resources */,
				23D1116220E7C5E5007348CF /* SkillsTableViewCell.xib in Resources */,
				230572E92087C51500D45AA0 /* CustomTableViewCell.xib in Resources */,
				236F185B2082250100491328 /* Main.storyboard in Resources */,
			);
			runOnlyForDeploymentPostprocessing = 0;
		};
/* End PBXResourcesBuildPhase section */

/* Begin PBXSourcesBuildPhase section */
		236F184C2082250100491328 /* Sources */ = {
			isa = PBXSourcesBuildPhase;
			buildActionMask = 2147483647;
			files = (
				236F18582082250100491328 /* FindViewController.m in Sources */,
				23D1116120E7C5E5007348CF /* SkillsTableViewCell.m in Sources */,
				231BA306208523C500CD2556 /* UserProfileViewController.m in Sources */,
				236F18632082250100491328 /* main.m in Sources */,
				230572E82087C51500D45AA0 /* CustomTableViewCell.m in Sources */,
				236F18552082250100491328 /* AppDelegate.m in Sources */,
			);
			runOnlyForDeploymentPostprocessing = 0;
		};
/* End PBXSourcesBuildPhase section */

/* Begin PBXVariantGroup section */
		236F18592082250100491328 /* Main.storyboard */ = {
			isa = PBXVariantGroup;
			children = (
				236F185A2082250100491328 /* Base */,
			);
			name = Main.storyboard;
			sourceTree = "<group>";
		};
		236F185E2082250100491328 /* LaunchScreen.storyboard */ = {
			isa = PBXVariantGroup;
			children = (
				236F185F2082250100491328 /* Base */,
			);
			name = LaunchScreen.storyboard;
			sourceTree = "<group>";
		};
/* End PBXVariantGroup section */

/* Begin XCBuildConfiguration section */
		236F18642082250100491328 /* Debug */ = {
			isa = XCBuildConfiguration;
			buildSettings = {
				ALWAYS_SEARCH_USER_PATHS = NO;
				CLANG_ANALYZER_NONNULL = YES;
				CLANG_ANALYZER_NUMBER_OBJECT_CONVERSION = YES_AGGRESSIVE;
				CLANG_CXX_LANGUAGE_STANDARD = "gnu++14";
				CLANG_CXX_LIBRARY = "libc++";
				CLANG_ENABLE_MODULES = YES;
				CLANG_ENABLE_OBJC_ARC = YES;
				CLANG_WARN_BLOCK_CAPTURE_AUTORELEASING = YES;
				CLANG_WARN_BOOL_CONVERSION = YES;
				CLANG_WARN_COMMA = YES;
				CLANG_WARN_CONSTANT_CONVERSION = YES;
				CLANG_WARN_DIRECT_OBJC_ISA_USAGE = YES_ERROR;
				CLANG_WARN_DOCUMENTATION_COMMENTS = YES;
				CLANG_WARN_EMPTY_BODY = YES;
				CLANG_WARN_ENUM_CONVERSION = YES;
				CLANG_WARN_INFINITE_RECURSION = YES;
				CLANG_WARN_INT_CONVERSION = YES;
				CLANG_WARN_NON_LITERAL_NULL_CONVERSION = YES;
				CLANG_WARN_OBJC_LITERAL_CONVERSION = YES;
				CLANG_WARN_OBJC_ROOT_CLASS = YES_ERROR;
				CLANG_WARN_RANGE_LOOP_ANALYSIS = YES;
				CLANG_WARN_STRICT_PROTOTYPES = YES;
				CLANG_WARN_SUSPICIOUS_MOVE = YES;
				CLANG_WARN_UNGUARDED_AVAILABILITY = YES_AGGRESSIVE;
				CLANG_WARN_UNREACHABLE_CODE = YES;
				CLANG_WARN__DUPLICATE_METHOD_MATCH = YES;
				CODE_SIGN_IDENTITY = "iPhone Developer";
				COPY_PHASE_STRIP = NO;
				DEBUG_INFORMATION_FORMAT = dwarf;
				ENABLE_STRICT_OBJC_MSGSEND = YES;
				ENABLE_TESTABILITY = YES;
				GCC_C_LANGUAGE_STANDARD = gnu11;
				GCC_DYNAMIC_NO_PIC = NO;
				GCC_NO_COMMON_BLOCKS = YES;
				GCC_OPTIMIZATION_LEVEL = 0;
				GCC_PREPROCESSOR_DEFINITIONS = (
					"DEBUG=1",
					"$(inherited)",
				);
				GCC_WARN_64_TO_32_BIT_CONVERSION = YES;
				GCC_WARN_ABOUT_RETURN_TYPE = YES_ERROR;
				GCC_WARN_UNDECLARED_SELECTOR = YES;
				GCC_WARN_UNINITIALIZED_AUTOS = YES_AGGRESSIVE;
				GCC_WARN_UNUSED_FUNCTION = YES;
				GCC_WARN_UNUSED_VARIABLE = YES;
				IPHONEOS_DEPLOYMENT_TARGET = 11.2;
				MTL_ENABLE_DEBUG_INFO = YES;
				ONLY_ACTIVE_ARCH = YES;
				SDKROOT = iphoneos;
			};
			name = Debug;
		};
		236F18652082250100491328 /* Release */ = {
			isa = XCBuildConfiguration;
			buildSettings = {
				ALWAYS_SEARCH_USER_PATHS = NO;
				CLANG_ANALYZER_NONNULL = YES;
				CLANG_ANALYZER_NUMBER_OBJECT_CONVERSION = YES_AGGRESSIVE;
				CLANG_CXX_LANGUAGE_STANDARD = "gnu++14";
				CLANG_CXX_LIBRARY = "libc++";
				CLANG_ENABLE_MODULES = YES;
				CLANG_ENABLE_OBJC_ARC = YES;
				CLANG_WARN_BLOCK_CAPTURE_AUTORELEASING = YES;
				CLANG_WARN_BOOL_CONVERSION = YES;
				CLANG_WARN_COMMA = YES;
				CLANG_WARN_CONSTANT_CONVERSION = YES;
				CLANG_WARN_DIRECT_OBJC_ISA_USAGE = YES_ERROR;
				CLANG_WARN_DOCUMENTATION_COMMENTS = YES;
				CLANG_WARN_EMPTY_BODY = YES;
				CLANG_WARN_ENUM_CONVERSION = YES;
				CLANG_WARN_INFINITE_RECURSION = YES;
				CLANG_WARN_INT_CONVERSION = YES;
				CLANG_WARN_NON_LITERAL_NULL_CONVERSION = YES;
				CLANG_WARN_OBJC_LITERAL_CONVERSION = YES;
				CLANG_WARN_OBJC_ROOT_CLASS = YES_ERROR;
				CLANG_WARN_RANGE_LOOP_ANALYSIS = YES;
				CLANG_WARN_STRICT_PROTOTYPES = YES;
				CLANG_WARN_SUSPICIOUS_MOVE = YES;
				CLANG_WARN_UNGUARDED_AVAILABILITY = YES_AGGRESSIVE;
				CLANG_WARN_UNREACHABLE_CODE = YES;
				CLANG_WARN__DUPLICATE_METHOD_MATCH = YES;
				CODE_SIGN_IDENTITY = "iPhone Developer";
				COPY_PHASE_STRIP = NO;
				DEBUG_INFORMATION_FORMAT = "dwarf-with-dsym";
				ENABLE_NS_ASSERTIONS = NO;
				ENABLE_STRICT_OBJC_MSGSEND = YES;
				GCC_C_LANGUAGE_STANDARD = gnu11;
				GCC_NO_COMMON_BLOCKS = YES;
				GCC_WARN_64_TO_32_BIT_CONVERSION = YES;
				GCC_WARN_ABOUT_RETURN_TYPE = YES_ERROR;
				GCC_WARN_UNDECLARED_SELECTOR = YES;
				GCC_WARN_UNINITIALIZED_AUTOS = YES_AGGRESSIVE;
				GCC_WARN_UNUSED_FUNCTION = YES;
				GCC_WARN_UNUSED_VARIABLE = YES;
				IPHONEOS_DEPLOYMENT_TARGET = 11.2;
				MTL_ENABLE_DEBUG_INFO = NO;
				SDKROOT = iphoneos;
				VALIDATE_PRODUCT = YES;
			};
			name = Release;
		};
		236F18672082250100491328 /* Debug */ = {
			isa = XCBuildConfiguration;
			buildSettings = {
				ASSETCATALOG_COMPILER_APPICON_NAME = AppIcon;
				CODE_SIGN_STYLE = Automatic;
				DEVELOPMENT_TEAM = "";
				INFOPLIST_FILE = SwiftyCompanion/Info.plist;
				LD_RUNPATH_SEARCH_PATHS = "$(inherited) @executable_path/Frameworks";
				PRODUCT_BUNDLE_IDENTIFIER = mponomar.SwiftyCompanion;
				PRODUCT_NAME = "$(TARGET_NAME)";
				TARGETED_DEVICE_FAMILY = "1,2";
			};
			name = Debug;
		};
		236F18682082250100491328 /* Release */ = {
			isa = XCBuildConfiguration;
			buildSettings = {
				ASSETCATALOG_COMPILER_APPICON_NAME = AppIcon;
				CODE_SIGN_STYLE = Automatic;
				DEVELOPMENT_TEAM = "";
				INFOPLIST_FILE = SwiftyCompanion/Info.plist;
				LD_RUNPATH_SEARCH_PATHS = "$(inherited) @executable_path/Frameworks";
				PRODUCT_BUNDLE_IDENTIFIER = mponomar.SwiftyCompanion;
				PRODUCT_NAME = "$(TARGET_NAME)";
				TARGETED_DEVICE_FAMILY = "1,2";
			};
			name = Release;
		};
/* End XCBuildConfiguration section */

/* Begin XCConfigurationList section */
		236F184B2082250100491328 /* Build configuration list for PBXProject "SwiftyCompanion" */ = {
			isa = XCConfigurationList;
			buildConfigurations = (
				236F18642082250100491328 /* Debug */,
				236F18652082250100491328 /* Release */,
			);
			defaultConfigurationIsVisible = 0;
			defaultConfigurationName = Release;
		};
		236F18662082250100491328 /* Build configuration list for PBXNativeTarget "SwiftyCompanion" */ = {
			isa = XCConfigurationList;
			buildConfigurations = (
				236F18672082250100491328 /* Debug */,
				236F18682082250100491328 /* Release */,
			);
			defaultConfigurationIsVisible = 0;
			defaultConfigurationName = Release;
		};
/* End XCConfigurationList section */
	};
	rootObject = 236F18482082250100491328 /* Project object */;
}
